lockfileVersion: '6.0'

settings:
  autoInstallPeers: true
  excludeLinksFromLockfile: false

dependencies:
  '@sinclair/typebox':
    specifier: ^0.33.7
    version: 0.33.7

packages:

  /@sinclair/typebox@0.33.7:
    resolution: {integrity: sha512-et38XPs6GMoB6XugH+Spp/HRv5gHYffw7rXC3caen/dIKC7Q6sqs6eEH9Yd9UKziUkOQdrLr9OXUULAc+pRMng==}
    dev: false
